
Microsoft Visual Studio Solution File, Format Version 12.00
# Visual Studio Version 17
VisualStudioVersion = 17.14.36518.9 d17.14
MinimumVisualStudioVersion = 10.0.40219.1
Project("{FAE04EC0-301F-11D3-BF4B-00C04F79EFBC}") = "demowpf", "demowpf\demowpf.csproj", "{07CC0A91-76DD-4A35-945B-0206447275D3}"
EndProject
Global
	GlobalSection(SolutionConfigurationPlatforms) = preSolution
		Debug|Any CPU = Debug|Any CPU
		Release|Any CPU = Release|Any CPU
	EndGlobalSection
	GlobalSection(ProjectConfigurationPlatforms) = postSolution
		{07CC0A91-76DD-4A35-945B-0206447275D3}.Debug|Any CPU.ActiveCfg = Debug|Any CPU
		{07CC0A91-76DD-4A35-945B-0206447275D3}.Debug|Any CPU.Build.0 = Debug|Any CPU
		{07CC0A91-76DD-4A35-945B-0206447275D3}.Release|Any CPU.ActiveCfg = Release|Any CPU
		{07CC0A91-76DD-4A35-945B-0206447275D3}.Release|Any CPU.Build.0 = Release|Any CPU
	EndGlobalSection
	GlobalSection(SolutionProperties) = preSolution
		HideSolutionNode = FALSE
	EndGlobalSection
	GlobalSection(ExtensibilityGlobals) = postSolution
		SolutionGuid = {5F5B0D28-2B5B-4E22-891E-D17D961FC738}
	EndGlobalSection
EndGlobal
